
Microsoft Visual Studio Solution File, Format Version 12.00
# Visual Studio Version 17
VisualStudioVersion = 17.0.31912.275
MinimumVisualStudioVersion = 10.0.40219.1
Project("{FAE04EC0-301F-11D3-BF4B-00C04F79EFBC}") = "04-04-2022", "04-04-2022\04-04-2022.csproj", "{C8AAE2F2-FA5A-4001-BFB9-829DFD04D0A4}"
EndProject
Global
	GlobalSection(SolutionConfigurationPlatforms) = preSolution
		Debug|Any CPU = Debug|Any CPU
		Release|Any CPU = Release|Any CPU
	EndGlobalSection
	GlobalSection(ProjectConfigurationPlatforms) = postSolution
		{C8AAE2F2-FA5A-4001-BFB9-829DFD04D0A4}.Debug|Any CPU.ActiveCfg = Debug|Any CPU
		{C8AAE2F2-FA5A-4001-BFB9-829DFD04D0A4}.Debug|Any CPU.Build.0 = Debug|Any CPU
		{C8AAE2F2-FA5A-4001-BFB9-829DFD04D0A4}.Release|Any CPU.ActiveCfg = Release|Any CPU
		{C8AAE2F2-FA5A-4001-BFB9-829DFD04D0A4}.Release|Any CPU.Build.0 = Release|Any CPU
	EndGlobalSection
	GlobalSection(SolutionProperties) = preSolution
		HideSolutionNode = FALSE
	EndGlobalSection
	GlobalSection(ExtensibilityGlobals) = postSolution
		SolutionGuid = {7D34952F-68B9-4384-AEC4-19EFB3389DD9}
	EndGlobalSection
EndGlobal
